
Microsoft Visual Studio Solution File, Format Version 12.00
# Visual Studio Version 17
VisualStudioVersion = 17.9.34701.34
MinimumVisualStudioVersion = 10.0.40219.1
Project("{FAE04EC0-301F-11D3-BF4B-00C04F79EFBC}") = "BackEndApi", "BackEndApi.csproj", "{D53EED32-DAD7-4FDC-9F6D-72BE135CD44C}"
EndProject
Global
	GlobalSection(SolutionConfigurationPlatforms) = preSolution
		Debug|Any CPU = Debug|Any CPU
		Release|Any CPU = Release|Any CPU
	EndGlobalSection
	GlobalSection(ProjectConfigurationPlatforms) = postSolution
		{D53EED32-DAD7-4FDC-9F6D-72BE135CD44C}.Debug|Any CPU.ActiveCfg = Debug|Any CPU
		{D53EED32-DAD7-4FDC-9F6D-72BE135CD44C}.Debug|Any CPU.Build.0 = Debug|Any CPU
		{D53EED32-DAD7-4FDC-9F6D-72BE135CD44C}.Release|Any CPU.ActiveCfg = Release|Any CPU
		{D53EED32-DAD7-4FDC-9F6D-72BE135CD44C}.Release|Any CPU.Build.0 = Release|Any CPU
	EndGlobalSection
	GlobalSection(SolutionProperties) = preSolution
		HideSolutionNode = FALSE
	EndGlobalSection
	GlobalSection(ExtensibilityGlobals) = postSolution
		SolutionGuid = {54A7122C-E48E-40A6-869B-EDCEBFFC7EDA}
	EndGlobalSection
EndGlobal
